
Microsoft Visual Studio Solution File, Format Version 12.00
# Visual Studio Version 16
VisualStudioVersion = 16.0.29318.209
MinimumVisualStudioVersion = 10.0.40219.1
Project("{FAE04EC0-301F-11D3-BF4B-00C04F79EFBC}") = "JWTTokenAuthentication", "JWTTokenAuthentication\JWTTokenAuthentication.csproj", "{269E8069-593E-41C8-A597-2D4731AB6F1A}"
EndProject
Global
	GlobalSection(SolutionConfigurationPlatforms) = preSolution
		Debug|Any CPU = Debug|Any CPU
		Release|Any CPU = Release|Any CPU
	EndGlobalSection
	GlobalSection(ProjectConfigurationPlatforms) = postSolution
		{269E8069-593E-41C8-A597-2D4731AB6F1A}.Debug|Any CPU.ActiveCfg = Debug|Any CPU
		{269E8069-593E-41C8-A597-2D4731AB6F1A}.Debug|Any CPU.Build.0 = Debug|Any CPU
		{269E8069-593E-41C8-A597-2D4731AB6F1A}.Release|Any CPU.ActiveCfg = Release|Any CPU
		{269E8069-593E-41C8-A597-2D4731AB6F1A}.Release|Any CPU.Build.0 = Release|Any CPU
	EndGlobalSection
	GlobalSection(SolutionProperties) = preSolution
		HideSolutionNode = FALSE
	EndGlobalSection
	GlobalSection(ExtensibilityGlobals) = postSolution
		SolutionGuid = {4D390244-C1C1-439D-914E-F3B8F1BD41D6}
	EndGlobalSection
EndGlobal
